
Microsoft Visual Studio Solution File, Format Version 12.00
# Visual Studio Version 16
VisualStudioVersion = 16.0.29709.97
MinimumVisualStudioVersion = 10.0.40219.1
Project("{9A19103F-16F7-4668-BE54-9A1E7A4F7556}") = "KleSharp", "KleSharp\KleSharp.csproj", "{C8B139E9-36BC-4C3F-9BB0-5E17DEE5DA3E}"
EndProject
Project("{9A19103F-16F7-4668-BE54-9A1E7A4F7556}") = "KleSharp.Tests", "KleSharp.Tests\KleSharp.Tests.csproj", "{3F8B2952-0A12-4E23-B9A4-4852D82455D3}"
EndProject
Project("{9A19103F-16F7-4668-BE54-9A1E7A4F7556}") = "Wims.Wpf.Poc", "Wims.Wpf.Poc\Wims.Wpf.Poc.csproj", "{169E04C5-E62C-4DDE-A110-DDECE35374A2}"
EndProject
Project("{9A19103F-16F7-4668-BE54-9A1E7A4F7556}") = "Wims.Ui", "Wims.Ui\Wims.Ui.csproj", "{4C16FB2A-CF9F-4387-89E1-3FFE855830D7}"
EndProject
Project("{9A19103F-16F7-4668-BE54-9A1E7A4F7556}") = "Wims.Core", "Wims.Core\Wims.Core.csproj", "{9C713F43-431E-42DE-8901-E52F7E44BCF2}"
EndProject
Project("{9A19103F-16F7-4668-BE54-9A1E7A4F7556}") = "Wims.Tests", "Wims.Tests\Wims.Tests.csproj", "{423EA663-A980-4500-A80C-981D9FE1AA2A}"
EndProject
Project("{FAE04EC0-301F-11D3-BF4B-00C04F79EFBC}") = "Wims.Poc.Net5", "Wims.Poc.Net5\Wims.Poc.Net5.csproj", "{C3D103A2-7617-44BD-92BD-D24F6CB68A96}"
EndProject
Project("{2150E333-8FDC-42A3-9474-1A3956D46DE8}") = "poc", "poc", "{A2740FB2-E7D3-4793-9613-F83B5A4EF9C4}"
EndProject
Project("{2150E333-8FDC-42A3-9474-1A3956D46DE8}") = "libs", "libs", "{F121C76F-EABD-4369-85FB-DFFFB14144D4}"
EndProject
Project("{2150E333-8FDC-42A3-9474-1A3956D46DE8}") = "utils", "utils", "{DDE6C788-0327-455A-A5A4-722897C24C21}"
EndProject
Project("{9A19103F-16F7-4668-BE54-9A1E7A4F7556}") = "GaryNg.Utils.Void", "..\libs\GaryNg.Utils\src\GaryNg.Utils.Void\GaryNg.Utils.Void.csproj", "{D4A5F9F4-D48E-4791-AD70-A7AD917FAA79}"
EndProject
Project("{9A19103F-16F7-4668-BE54-9A1E7A4F7556}") = "GaryNg.Utils.Wpf", "..\libs\GaryNg.Utils\src\GaryNg.Utils.Wpf\GaryNg.Utils.Wpf.csproj", "{6E876E6A-63B3-4B73-892C-9EBE557AEEC5}"
EndProject
Global
	GlobalSection(SolutionConfigurationPlatforms) = preSolution
		Debug|Any CPU = Debug|Any CPU
		Release|Any CPU = Release|Any CPU
	EndGlobalSection
	GlobalSection(ProjectConfigurationPlatforms) = postSolution
		{C8B139E9-36BC-4C3F-9BB0-5E17DEE5DA3E}.Debug|Any CPU.ActiveCfg = Debug|Any CPU
		{C8B139E9-36BC-4C3F-9BB0-5E17DEE5DA3E}.Debug|Any CPU.Build.0 = Debug|Any CPU
		{C8B139E9-36BC-4C3F-9BB0-5E17DEE5DA3E}.Release|Any CPU.ActiveCfg = Release|Any CPU
		{C8B139E9-36BC-4C3F-9BB0-5E17DEE5DA3E}.Release|Any CPU.Build.0 = Release|Any CPU
		{3F8B2952-0A12-4E23-B9A4-4852D82455D3}.Debug|Any CPU.ActiveCfg = Debug|Any CPU
		{3F8B2952-0A12-4E23-B9A4-4852D82455D3}.Debug|Any CPU.Build.0 = Debug|Any CPU
		{3F8B2952-0A12-4E23-B9A4-4852D82455D3}.Release|Any CPU.ActiveCfg = Release|Any CPU
		{3F8B2952-0A12-4E23-B9A4-4852D82455D3}.Release|Any CPU.Build.0 = Release|Any CPU
		{169E04C5-E62C-4DDE-A110-DDECE35374A2}.Debug|Any CPU.ActiveCfg = Debug|Any CPU
		{169E04C5-E62C-4DDE-A110-DDECE35374A2}.Debug|Any CPU.Build.0 = Debug|Any CPU
		{169E04C5-E62C-4DDE-A110-DDECE35374A2}.Release|Any CPU.ActiveCfg = Release|Any CPU
		{169E04C5-E62C-4DDE-A110-DDECE35374A2}.Release|Any CPU.Build.0 = Release|Any CPU
		{4C16FB2A-CF9F-4387-89E1-3FFE855830D7}.Debug|Any CPU.ActiveCfg = Debug|Any CPU
		{4C16FB2A-CF9F-4387-89E1-3FFE855830D7}.Debug|Any CPU.Build.0 = Debug|Any CPU
		{4C16FB2A-CF9F-4387-89E1-3FFE855830D7}.Release|Any CPU.ActiveCfg = Release|Any CPU
		{4C16FB2A-CF9F-4387-89E1-3FFE855830D7}.Release|Any CPU.Build.0 = Release|Any CPU
		{9C713F43-431E-42DE-8901-E52F7E44BCF2}.Debug|Any CPU.ActiveCfg = Debug|Any CPU
		{9C713F43-431E-42DE-8901-E52F7E44BCF2}.Debug|Any CPU.Build.0 = Debug|Any CPU
		{9C713F43-431E-42DE-8901-E52F7E44BCF2}.Release|Any CPU.ActiveCfg = Release|Any CPU
		{9C713F43-431E-42DE-8901-E52F7E44BCF2}.Release|Any CPU.Build.0 = Release|Any CPU
		{423EA663-A980-4500-A80C-981D9FE1AA2A}.Debug|Any CPU.ActiveCfg = Debug|Any CPU
		{423EA663-A980-4500-A80C-981D9FE1AA2A}.Debug|Any CPU.Build.0 = Debug|Any CPU
		{423EA663-A980-4500-A80C-981D9FE1AA2A}.Release|Any CPU.ActiveCfg = Release|Any CPU
		{423EA663-A980-4500-A80C-981D9FE1AA2A}.Release|Any CPU.Build.0 = Release|Any CPU
		{C3D103A2-7617-44BD-92BD-D24F6CB68A96}.Debug|Any CPU.ActiveCfg = Debug|Any CPU
		{C3D103A2-7617-44BD-92BD-D24F6CB68A96}.Debug|Any CPU.Build.0 = Debug|Any CPU
		{C3D103A2-7617-44BD-92BD-D24F6CB68A96}.Release|Any CPU.ActiveCfg = Release|Any CPU
		{C3D103A2-7617-44BD-92BD-D24F6CB68A96}.Release|Any CPU.Build.0 = Release|Any CPU
		{D4A5F9F4-D48E-4791-AD70-A7AD917FAA79}.Debug|Any CPU.ActiveCfg = Debug|Any CPU
		{D4A5F9F4-D48E-4791-AD70-A7AD917FAA79}.Debug|Any CPU.Build.0 = Debug|Any CPU
		{D4A5F9F4-D48E-4791-AD70-A7AD917FAA79}.Release|Any CPU.ActiveCfg = Release|Any CPU
		{D4A5F9F4-D48E-4791-AD70-A7AD917FAA79}.Release|Any CPU.Build.0 = Release|Any CPU
		{6E876E6A-63B3-4B73-892C-9EBE557AEEC5}.Debug|Any CPU.ActiveCfg = Debug|Any CPU
		{6E876E6A-63B3-4B73-892C-9EBE557AEEC5}.Debug|Any CPU.Build.0 = Debug|Any CPU
		{6E876E6A-63B3-4B73-892C-9EBE557AEEC5}.Release|Any CPU.ActiveCfg = Release|Any CPU
		{6E876E6A-63B3-4B73-892C-9EBE557AEEC5}.Release|Any CPU.Build.0 = Release|Any CPU
	EndGlobalSection
	GlobalSection(SolutionProperties) = preSolution
		HideSolutionNode = FALSE
	EndGlobalSection
	GlobalSection(NestedProjects) = preSolution
		{C8B139E9-36BC-4C3F-9BB0-5E17DEE5DA3E} = {F121C76F-EABD-4369-85FB-DFFFB14144D4}
		{3F8B2952-0A12-4E23-B9A4-4852D82455D3} = {F121C76F-EABD-4369-85FB-DFFFB14144D4}
		{169E04C5-E62C-4DDE-A110-DDECE35374A2} = {A2740FB2-E7D3-4793-9613-F83B5A4EF9C4}
		{C3D103A2-7617-44BD-92BD-D24F6CB68A96} = {A2740FB2-E7D3-4793-9613-F83B5A4EF9C4}
		{D4A5F9F4-D48E-4791-AD70-A7AD917FAA79} = {DDE6C788-0327-455A-A5A4-722897C24C21}
		{6E876E6A-63B3-4B73-892C-9EBE557AEEC5} = {DDE6C788-0327-455A-A5A4-722897C24C21}
	EndGlobalSection
	GlobalSection(ExtensibilityGlobals) = postSolution
		SolutionGuid = {87FBB656-4743-46B9-95D3-D51316CBA70C}
	EndGlobalSection
EndGlobal
